
Microsoft Visual Studio Solution File, Format Version 12.00
# Visual Studio Version 17
VisualStudioVersion = 17.2.32526.322
MinimumVisualStudioVersion = 10.0.40219.1
Project("{FAE04EC0-301F-11D3-BF4B-00C04F79EFBC}") = "VisitorPattern.App", "VisitorPattern.App\VisitorPattern.App.csproj", "{5B6BF26F-04B5-4B77-9393-937EFD10F255}"
EndProject
Global
	GlobalSection(SolutionConfigurationPlatforms) = preSolution
		Debug|Any CPU = Debug|Any CPU
		Release|Any CPU = Release|Any CPU
	EndGlobalSection
	GlobalSection(ProjectConfigurationPlatforms) = postSolution
		{5B6BF26F-04B5-4B77-9393-937EFD10F255}.Debug|Any CPU.ActiveCfg = Debug|Any CPU
		{5B6BF26F-04B5-4B77-9393-937EFD10F255}.Debug|Any CPU.Build.0 = Debug|Any CPU
		{5B6BF26F-04B5-4B77-9393-937EFD10F255}.Release|Any CPU.ActiveCfg = Release|Any CPU
		{5B6BF26F-04B5-4B77-9393-937EFD10F255}.Release|Any CPU.Build.0 = Release|Any CPU
	EndGlobalSection
	GlobalSection(SolutionProperties) = preSolution
		HideSolutionNode = FALSE
	EndGlobalSection
	GlobalSection(ExtensibilityGlobals) = postSolution
		SolutionGuid = {83C24C16-FB05-41E9-82D0-AC52F4068402}
	EndGlobalSection
EndGlobal
